// !$*UTF8*$!
{
	archiveVersion = 1;
	classes = {
	};
	objectVersion = 46;
	objects = {

/* Begin PBXBuildFile section */
		3B76ABC51F0CE2AD00199264 /* AppDelegate.swift in Sources */ = {isa = PBXBuildFile; fileRef = 3B76ABC41F0CE2AD00199264 /* AppDelegate.swift */; };
		3B76ABC71F0CE2AD00199264 /* ViewController.swift in Sources */ = {isa = PBXBuildFile; fileRef = 3B76ABC61F0CE2AD00199264 /* ViewController.swift */; };
		3B76ABCA1F0CE2AD00199264 /* Main.storyboard in Resources */ = {isa = PBXBuildFile; fileRef = 3B76ABC81F0CE2AD00199264 /* Main.storyboard */; };
		3B76ABCC1F0CE2AD00199264 /* Assets.xcassets in Resources */ = {isa = PBXBuildFile; fileRef = 3B76ABCB1F0CE2AD00199264 /* Assets.xcassets */; };
		3B76ABCF1F0CE2AD00199264 /* LaunchScreen.storyboard in Resources */ = {isa = PBXBuildFile; fileRef = 3B76ABCD1F0CE2AD00199264 /* LaunchScreen.storyboard */; };
		3B76ABDA1F0CE2AD00199264 /* IosFinalTest_1Tests.swift in Sources */ = {isa = PBXBuildFile; fileRef = 3B76ABD91F0CE2AD00199264 /* IosFinalTest_1Tests.swift */; };
		3B76ABE51F0CE2AE00199264 /* IosFinalTest_1UITests.swift in Sources */ = {isa = PBXBuildFile; fileRef = 3B76ABE41F0CE2AE00199264 /* IosFinalTest_1UITests.swift */; };
/* End PBXBuildFile section */

/* Begin PBXContainerItemProxy section */
		3B76ABD61F0CE2AD00199264 /* PBXContainerItemProxy */ = {
			isa = PBXContainerItemProxy;
			containerPortal = 3B76ABB91F0CE2AD00199264 /* Project object */;
			proxyType = 1;
			remoteGlobalIDString = 3B76ABC01F0CE2AD00199264;
			remoteInfo = IosFinalTest_1;
		};
		3B76ABE11F0CE2AE00199264 /* PBXContainerItemProxy */ = {
			isa = PBXContainerItemProxy;
			containerPortal = 3B76ABB91F0CE2AD00199264 /* Project object */;
			proxyType = 1;
			remoteGlobalIDString = 3B76ABC01F0CE2AD00199264;
			remoteInfo = IosFinalTest_1;
		};
/* End PBXContainerItemProxy section */

/* Begin PBXFileReference section */
		3B76ABC11F0CE2AD00199264 /* IosFinalTest_1.app */ = {isa = PBXFileReference; explicitFileType = wrapper.application; includeInIndex = 0; path = IosFinalTest_1.app; sourceTree = BUILT_PRODUCTS_DIR; };
		3B76ABC41F0CE2AD00199264 /* AppDelegate.swift */ = {isa = PBXFileReference; lastKnownFileType = sourcecode.swift; path = AppDelegate.swift; sourceTree = "<group>"; };
		3B76ABC61F0CE2AD00199264 /* ViewController.swift */ = {isa = PBXFileReference; lastKnownFileType = sourcecode.swift; path = ViewController.swift; sourceTree = "<group>"; };
		3B76ABC91F0CE2AD00199264 /* Base */ = {isa = PBXFileReference; lastKnownFileType = file.storyboard; name = Base; path = Base.lproj/Main.storyboard; sourceTree = "<group>"; };
		3B76ABCB1F0CE2AD00199264 /* Assets.xcassets */ = {isa = PBXFileReference; lastKnownFileType = folder.assetcatalog; path = Assets.xcassets; sourceTree = "<group>"; };
		3B76ABCE1F0CE2AD00199264 /* Base */ = {isa = PBXFileReference; lastKnownFileType = file.storyboard; name = Base; path = Base.lproj/LaunchScreen.storyboard; sourceTree = "<group>"; };
		3B76ABD01F0CE2AD00199264 /* Info.plist */ = {isa = PBXFileReference; lastKnownFileType = text.plist.xml; path = Info.plist; sourceTree = "<group>"; };
		3B76ABD51F0CE2AD00199264 /* IosFinalTest_1Tests.xctest */ = {isa = PBXFileReference; explicitFileType = wrapper.cfbundle; includeInIndex = 0; path = IosFinalTest_1Tests.xctest; sourceTree = BUILT_PRODUCTS_DIR; };
		3B76ABD91F0CE2AD00199264 /* IosFinalTest_1Tests.swift */ = {isa = PBXFileReference; lastKnownFileType = sourcecode.swift; path = IosFinalTest_1Tests.swift; sourceTree = "<group>"; };
		3B76ABDB1F0CE2AD00199264 /* Info.plist */ = {isa = PBXFileReference; lastKnownFileType = text.plist.xml; path = Info.plist; sourceTree = "<group>"; };
		3B76ABE01F0CE2AE00199264 /* IosFinalTest_1UITests.xctest */ = {isa = PBXFileReference; explicitFileType = wrapper.cfbundle; includeInIndex = 0; path = IosFinalTest_1UITests.xctest; sourceTree = BUILT_PRODUCTS_DIR; };
		3B76ABE41F0CE2AE00199264 /* IosFinalTest_1UITests.swift */ = {isa = PBXFileReference; lastKnownFileType = sourcecode.swift; path = IosFinalTest_1UITests.swift; sourceTree = "<group>"; };
		3B76ABE61F0CE2AE00199264 /* Info.plist */ = {isa = PBXFileReference; lastKnownFileType = text.plist.xml; path = Info.plist; sourceTree = "<group>"; };
/* End PBXFileReference section */

/* Begin PBXFrameworksBuildPhase section */
		3B76ABBE1F0CE2AD00199264 /* Frameworks */ = {
			isa = PBXFrameworksBuildPhase;
			buildActionMask = 2147483647;
			files = (
			);
			runOnlyForDeploymentPostprocessing = 0;
		};
		3B76ABD21F0CE2AD00199264 /* Frameworks */ = {
			isa = PBXFrameworksBuildPhase;
			buildActionMask = 2147483647;
			files = (
			);
			runOnlyForDeploymentPostprocessing = 0;
		};
		3B76ABDD1F0CE2AE00199264 /* Frameworks */ = {
			isa = PBXFrameworksBuildPhase;
			buildActionMask = 2147483647;
			files = (
			);
			runOnlyForDeploymentPostprocessing = 0;
		};
/* End PBXFrameworksBuildPhase section */

/* Begin PBXGroup section */
		3B76ABB81F0CE2AD00199264 = {
			isa = PBXGroup;
			children = (
				3B76ABC31F0CE2AD00199264 /* IosFinalTest_1 */,
				3B76ABD81F0CE2AD00199264 /* IosFinalTest_1Tests */,
				3B76ABE31F0CE2AE00199264 /* IosFinalTest_1UITests */,
				3B76ABC21F0CE2AD00199264 /* Products */,
			);
			sourceTree = "<group>";
		};
		3B76ABC21F0CE2AD00199264 /* Products */ = {
			isa = PBXGroup;
			children = (
				3B76ABC11F0CE2AD00199264 /* IosFinalTest_1.app */,
				3B76ABD51F0CE2AD00199264 /* IosFinalTest_1Tests.xctest */,
				3B76ABE01F0CE2AE00199264 /* IosFinalTest_1UITests.xctest */,
			);
			name = Products;
			sourceTree = "<group>";
		};
		3B76ABC31F0CE2AD00199264 /* IosFinalTest_1 */ = {
			isa = PBXGroup;
			children = (
				3B76ABC41F0CE2AD00199264 /* AppDelegate.swift */,
				3B76ABC61F0CE2AD00199264 /* ViewController.swift */,
				3B76ABC81F0CE2AD00199264 /* Main.storyboard */,
				3B76ABCB1F0CE2AD00199264 /* Assets.xcassets */,
				3B76ABCD1F0CE2AD00199264 /* LaunchScreen.storyboard */,
				3B76ABD01F0CE2AD00199264 /* Info.plist */,
			);
			path = IosFinalTest_1;
			sourceTree = "<group>";
		};
		3B76ABD81F0CE2AD00199264 /* IosFinalTest_1Tests */ = {
			isa = PBXGroup;
			children = (
				3B76ABD91F0CE2AD00199264 /* IosFinalTest_1Tests.swift */,
				3B76ABDB1F0CE2AD00199264 /* Info.plist */,
			);
			path = IosFinalTest_1Tests;
			sourceTree = "<group>";
		};
		3B76ABE31F0CE2AE00199264 /* IosFinalTest_1UITests */ = {
			isa = PBXGroup;
			children = (
				3B76ABE41F0CE2AE00199264 /* IosFinalTest_1UITests.swift */,
				3B76ABE61F0CE2AE00199264 /* Info.plist */,
			);
			path = IosFinalTest_1UITests;
			sourceTree = "<group>";
		};
/* End PBXGroup section */

/* Begin PBXNativeTarget section */
		3B76ABC01F0CE2AD00199264 /* IosFinalTest_1 */ = {
			isa = PBXNativeTarget;
			buildConfigurationList = 3B76ABE91F0CE2AE00199264 /* Build configuration list for PBXNativeTarget "IosFinalTest_1" */;
			buildPhases = (
				3B76ABBD1F0CE2AD00199264 /* Sources */,
				3B76ABBE1F0CE2AD00199264 /* Frameworks */,
				3B76ABBF1F0CE2AD00199264 /* Resources */,
			);
			buildRules = (
			);
			dependencies = (
			);
			name = IosFinalTest_1;
			productName = IosFinalTest_1;
			productReference = 3B76ABC11F0CE2AD00199264 /* IosFinalTest_1.app */;
			productType = "com.apple.product-type.application";
		};
		3B76ABD41F0CE2AD00199264 /* IosFinalTest_1Tests */ = {
			isa = PBXNativeTarget;
			buildConfigurationList = 3B76ABEC1F0CE2AE00199264 /* Build configuration list for PBXNativeTarget "IosFinalTest_1Tests" */;
			buildPhases = (
				3B76ABD11F0CE2AD00199264 /* Sources */,
				3B76ABD21F0CE2AD00199264 /* Frameworks */,
				3B76ABD31F0CE2AD00199264 /* Resources */,
			);
			buildRules = (
			);
			dependencies = (
				3B76ABD71F0CE2AD00199264 /* PBXTargetDependency */,
			);
			name = IosFinalTest_1Tests;
			productName = IosFinalTest_1Tests;
			productReference = 3B76ABD51F0CE2AD00199264 /* IosFinalTest_1Tests.xctest */;
			productType = "com.apple.product-type.bundle.unit-test";
		};
		3B76ABDF1F0CE2AE00199264 /* IosFinalTest_1UITests */ = {
			isa = PBXNativeTarget;
			buildConfigurationList = 3B76ABEF1F0CE2AE00199264 /* Build configuration list for PBXNativeTarget "IosFinalTest_1UITests" */;
			buildPhases = (
				3B76ABDC1F0CE2AE00199264 /* Sources */,
				3B76ABDD1F0CE2AE00199264 /* Frameworks */,
				3B76ABDE1F0CE2AE00199264 /* Resources */,
			);
			buildRules = (
			);
			dependencies = (
				3B76ABE21F0CE2AE00199264 /* PBXTargetDependency */,
			);
			name = IosFinalTest_1UITests;
			productName = IosFinalTest_1UITests;
			productReference = 3B76ABE01F0CE2AE00199264 /* IosFinalTest_1UITests.xctest */;
			productType = "com.apple.product-type.bundle.ui-testing";
		};
/* End PBXNativeTarget section */

/* Begin PBXProject section */
		3B76ABB91F0CE2AD00199264 /* Project object */ = {
			isa = PBXProject;
			attributes = {
				LastSwiftUpdateCheck = 0830;
				LastUpgradeCheck = 0830;
				ORGANIZATIONNAME = com.hoangdv;
				TargetAttributes = {
					3B76ABC01F0CE2AD00199264 = {
						CreatedOnToolsVersion = 8.3;
						ProvisioningStyle = Automatic;
					};
					3B76ABD41F0CE2AD00199264 = {
						CreatedOnToolsVersion = 8.3;
						ProvisioningStyle = Automatic;
						TestTargetID = 3B76ABC01F0CE2AD00199264;
					};
					3B76ABDF1F0CE2AE00199264 = {
						CreatedOnToolsVersion = 8.3;
						ProvisioningStyle = Automatic;
						TestTargetID = 3B76ABC01F0CE2AD00199264;
					};
				};
			};
			buildConfigurationList = 3B76ABBC1F0CE2AD00199264 /* Build configuration list for PBXProject "IosFinalTest_1" */;
			compatibilityVersion = "Xcode 3.2";
			developmentRegion = English;
			hasScannedForEncodings = 0;
			knownRegions = (
				en,
				Base,
			);
			mainGroup = 3B76ABB81F0CE2AD00199264;
			productRefGroup = 3B76ABC21F0CE2AD00199264 /* Products */;
			projectDirPath = "";
			projectRoot = "";
			targets = (
				3B76ABC01F0CE2AD00199264 /* IosFinalTest_1 */,
				3B76ABD41F0CE2AD00199264 /* IosFinalTest_1Tests */,
				3B76ABDF1F0CE2AE00199264 /* IosFinalTest_1UITests */,
			);
		};
/* End PBXProject section */

/* Begin PBXResourcesBuildPhase section */
		3B76ABBF1F0CE2AD00199264 /* Resources */ = {
			isa = PBXResourcesBuildPhase;
			buildActionMask = 2147483647;
			files = (
				3B76ABCF1F0CE2AD00199264 /* LaunchScreen.storyboard in Resources */,
				3B76ABCC1F0CE2AD00199264 /* Assets.xcassets in Resources */,
				3B76ABCA1F0CE2AD00199264 /* Main.storyboard in Resources */,
			);
			runOnlyForDeploymentPostprocessing = 0;
		};
		3B76ABD31F0CE2AD00199264 /* Resources */ = {
			isa = PBXResourcesBuildPhase;
			buildActionMask = 2147483647;
			files = (
			);
			runOnlyForDeploymentPostprocessing = 0;
		};
		3B76ABDE1F0CE2AE00199264 /* Resources */ = {
			isa = PBXResourcesBuildPhase;
			buildActionMask = 2147483647;
			files = (
			);
			runOnlyForDeploymentPostprocessing = 0;
		};
/* End PBXResourcesBuildPhase section */

/* Begin PBXSourcesBuildPhase section */
		3B76ABBD1F0CE2AD00199264 /* Sources */ = {
			isa = PBXSourcesBuildPhase;
			buildActionMask = 2147483647;
			files = (
				3B76ABC71F0CE2AD00199264 /* ViewController.swift in Sources */,
				3B76ABC51F0CE2AD00199264 /* AppDelegate.swift in Sources */,
			);
			runOnlyForDeploymentPostprocessing = 0;
		};
		3B76ABD11F0CE2AD00199264 /* Sources */ = {
			isa = PBXSourcesBuildPhase;
			buildActionMask = 2147483647;
			files = (
				3B76ABDA1F0CE2AD00199264 /* IosFinalTest_1Tests.swift in Sources */,
			);
			runOnlyForDeploymentPostprocessing = 0;
		};
		3B76ABDC1F0CE2AE00199264 /* Sources */ = {
			isa = PBXSourcesBuildPhase;
			buildActionMask = 2147483647;
			files = (
				3B76ABE51F0CE2AE00199264 /* IosFinalTest_1UITests.swift in Sources */,
			);
			runOnlyForDeploymentPostprocessing = 0;
		};
/* End PBXSourcesBuildPhase section */

/* Begin PBXTargetDependency section */
		3B76ABD71F0CE2AD00199264 /* PBXTargetDependency */ = {
			isa = PBXTargetDependency;
			target = 3B76ABC01F0CE2AD00199264 /* IosFinalTest_1 */;
			targetProxy = 3B76ABD61F0CE2AD00199264 /* PBXContainerItemProxy */;
		};
		3B76ABE21F0CE2AE00199264 /* PBXTargetDependency */ = {
			isa = PBXTargetDependency;
			target = 3B76ABC01F0CE2AD00199264 /* IosFinalTest_1 */;
			targetProxy = 3B76ABE11F0CE2AE00199264 /* PBXContainerItemProxy */;
		};
/* End PBXTargetDependency section */

/* Begin PBXVariantGroup section */
		3B76ABC81F0CE2AD00199264 /* Main.storyboard */ = {
			isa = PBXVariantGroup;
			children = (
				3B76ABC91F0CE2AD00199264 /* Base */,
			);
			name = Main.storyboard;
			sourceTree = "<group>";
		};
		3B76ABCD1F0CE2AD00199264 /* LaunchScreen.storyboard */ = {
			isa = PBXVariantGroup;
			children = (
				3B76ABCE1F0CE2AD00199264 /* Base */,
			);
			name = LaunchScreen.storyboard;
			sourceTree = "<group>";
		};
/* End PBXVariantGroup section */

/* Begin XCBuildConfiguration section */
		3B76ABE71F0CE2AE00199264 /* Debug */ = {
			isa = XCBuildConfiguration;
			buildSettings = {
				ALWAYS_SEARCH_USER_PATHS = NO;
				CLANG_ANALYZER_NONNULL = YES;
				CLANG_ANALYZER_NUMBER_OBJECT_CONVERSION = YES_AGGRESSIVE;
				CLANG_CXX_LANGUAGE_STANDARD = "gnu++0x";
				CLANG_CXX_LIBRARY = "libc++";
				CLANG_ENABLE_MODULES = YES;
				CLANG_ENABLE_OBJC_ARC = YES;
				CLANG_WARN_BOOL_CONVERSION = YES;
				CLANG_WARN_CONSTANT_CONVERSION = YES;
				CLANG_WARN_DIRECT_OBJC_ISA_USAGE = YES_ERROR;
				CLANG_WARN_DOCUMENTATION_COMMENTS = YES;
				CLANG_WARN_EMPTY_BODY = YES;
				CLANG_WARN_ENUM_CONVERSION = YES;
				CLANG_WARN_INFINITE_RECURSION = YES;
				CLANG_WARN_INT_CONVERSION = YES;
				CLANG_WARN_OBJC_ROOT_CLASS = YES_ERROR;
				CLANG_WARN_SUSPICIOUS_MOVE = YES;
				CLANG_WARN_UNREACHABLE_CODE = YES;
				CLANG_WARN__DUPLICATE_METHOD_MATCH = YES;
				"CODE_SIGN_IDENTITY[sdk=iphoneos*]" = "iPhone Developer";
				COPY_PHASE_STRIP = NO;
				DEBUG_INFORMATION_FORMAT = dwarf;
				ENABLE_STRICT_OBJC_MSGSEND = YES;
				ENABLE_TESTABILITY = YES;
				GCC_C_LANGUAGE_STANDARD = gnu99;
				GCC_DYNAMIC_NO_PIC = NO;
				GCC_NO_COMMON_BLOCKS = YES;
				GCC_OPTIMIZATION_LEVEL = 0;
				GCC_PREPROCESSOR_DEFINITIONS = (
					"DEBUG=1",
					"$(inherited)",
				);
				GCC_WARN_64_TO_32_BIT_CONVERSION = YES;
				GCC_WARN_ABOUT_RETURN_TYPE = YES_ERROR;
				GCC_WARN_UNDECLARED_SELECTOR = YES;
				GCC_WARN_UNINITIALIZED_AUTOS = YES_AGGRESSIVE;
				GCC_WARN_UNUSED_FUNCTION = YES;
				GCC_WARN_UNUSED_VARIABLE = YES;
				IPHONEOS_DEPLOYMENT_TARGET = 10.3;
				MTL_ENABLE_DEBUG_INFO = YES;
				ONLY_ACTIVE_ARCH = YES;
				SDKROOT = iphoneos;
				SWIFT_ACTIVE_COMPILATION_CONDITIONS = DEBUG;
				SWIFT_OPTIMIZATION_LEVEL = "-Onone";
			};
			name = Debug;
		};
		3B76ABE81F0CE2AE00199264 /* Release */ = {
			isa = XCBuildConfiguration;
			buildSettings = {
				ALWAYS_SEARCH_USER_PATHS = NO;
				CLANG_ANALYZER_NONNULL = YES;
				CLANG_ANALYZER_NUMBER_OBJECT_CONVERSION = YES_AGGRESSIVE;
				CLANG_CXX_LANGUAGE_STANDARD = "gnu++0x";
				CLANG_CXX_LIBRARY = "libc++";
				CLANG_ENABLE_MODULES = YES;
				CLANG_ENABLE_OBJC_ARC = YES;
				CLANG_WARN_BOOL_CONVERSION = YES;
				CLANG_WARN_CONSTANT_CONVERSION = YES;
				CLANG_WARN_DIRECT_OBJC_ISA_USAGE = YES_ERROR;
				CLANG_WARN_DOCUMENTATION_COMMENTS = YES;
				CLANG_WARN_EMPTY_BODY = YES;
				CLANG_WARN_ENUM_CONVERSION = YES;
				CLANG_WARN_INFINITE_RECURSION = YES;
				CLANG_WARN_INT_CONVERSION = YES;
				CLANG_WARN_OBJC_ROOT_CLASS = YES_ERROR;
				CLANG_WARN_SUSPICIOUS_MOVE = YES;
				CLANG_WARN_UNREACHABLE_CODE = YES;
				CLANG_WARN__DUPLICATE_METHOD_MATCH = YES;
				"CODE_SIGN_IDENTITY[sdk=iphoneos*]" = "iPhone Developer";
				COPY_PHASE_STRIP = NO;
				DEBUG_INFORMATION_FORMAT = "dwarf-with-dsym";
				ENABLE_NS_ASSERTIONS = NO;
				ENABLE_STRICT_OBJC_MSGSEND = YES;
				GCC_C_LANGUAGE_STANDARD = gnu99;
				GCC_NO_COMMON_BLOCKS = YES;
				GCC_WARN_64_TO_32_BIT_CONVERSION = YES;
				GCC_WARN_ABOUT_RETURN_TYPE = YES_ERROR;
				GCC_WARN_UNDECLARED_SELECTOR = YES;
				GCC_WARN_UNINITIALIZED_AUTOS = YES_AGGRESSIVE;
				GCC_WARN_UNUSED_FUNCTION = YES;
				GCC_WARN_UNUSED_VARIABLE = YES;
				IPHONEOS_DEPLOYMENT_TARGET = 10.3;
				MTL_ENABLE_DEBUG_INFO = NO;
				SDKROOT = iphoneos;
				SWIFT_OPTIMIZATION_LEVEL = "-Owholemodule";
				VALIDATE_PRODUCT = YES;
			};
			name = Release;
		};
		3B76ABEA1F0CE2AE00199264 /* Debug */ = {
			isa = XCBuildConfiguration;
			buildSettings = {
				ASSETCATALOG_COMPILER_APPICON_NAME = AppIcon;
				INFOPLIST_FILE = IosFinalTest_1/Info.plist;
				LD_RUNPATH_SEARCH_PATHS = "$(inherited) @executable_path/Frameworks";
				PRODUCT_BUNDLE_IDENTIFIER = "com.hoangdv.IosFinalTest-1";
				PRODUCT_NAME = "$(TARGET_NAME)";
				SWIFT_VERSION = 3.0;
			};
			name = Debug;
		};
		3B76ABEB1F0CE2AE00199264 /* Release */ = {
			isa = XCBuildConfiguration;
			buildSettings = {
				ASSETCATALOG_COMPILER_APPICON_NAME = AppIcon;
				INFOPLIST_FILE = IosFinalTest_1/Info.plist;
				LD_RUNPATH_SEARCH_PATHS = "$(inherited) @executable_path/Frameworks";
				PRODUCT_BUNDLE_IDENTIFIER = "com.hoangdv.IosFinalTest-1";
				PRODUCT_NAME = "$(TARGET_NAME)";
				SWIFT_VERSION = 3.0;
			};
			name = Release;
		};
		3B76ABED1F0CE2AE00199264 /* Debug */ = {
			isa = XCBuildConfiguration;
			buildSettings = {
				ALWAYS_EMBED_SWIFT_STANDARD_LIBRARIES = YES;
				BUNDLE_LOADER = "$(TEST_HOST)";
				INFOPLIST_FILE = IosFinalTest_1Tests/Info.plist;
				LD_RUNPATH_SEARCH_PATHS = "$(inherited) @executable_path/Frameworks @loader_path/Frameworks";
				PRODUCT_BUNDLE_IDENTIFIER = "com.hoangdv.IosFinalTest-1Tests";
				PRODUCT_NAME = "$(TARGET_NAME)";
				SWIFT_VERSION = 3.0;
				TEST_HOST = "$(BUILT_PRODUCTS_DIR)/IosFinalTest_1.app/IosFinalTest_1";
			};
			name = Debug;
		};
		3B76ABEE1F0CE2AE00199264 /* Release */ = {
			isa = XCBuildConfiguration;
			buildSettings = {
				ALWAYS_EMBED_SWIFT_STANDARD_LIBRARIES = YES;
				BUNDLE_LOADER = "$(TEST_HOST)";
				INFOPLIST_FILE = IosFinalTest_1Tests/Info.plist;
				LD_RUNPATH_SEARCH_PATHS = "$(inherited) @executable_path/Frameworks @loader_path/Frameworks";
				PRODUCT_BUNDLE_IDENTIFIER = "com.hoangdv.IosFinalTest-1Tests";
				PRODUCT_NAME = "$(TARGET_NAME)";
				SWIFT_VERSION = 3.0;
				TEST_HOST = "$(BUILT_PRODUCTS_DIR)/IosFinalTest_1.app/IosFinalTest_1";
			};
			name = Release;
		};
		3B76ABF01F0CE2AE00199264 /* Debug */ = {
			isa = XCBuildConfiguration;
			buildSettings = {
				ALWAYS_EMBED_SWIFT_STANDARD_LIBRARIES = YES;
				INFOPLIST_FILE = IosFinalTest_1UITests/Info.plist;
				LD_RUNPATH_SEARCH_PATHS = "$(inherited) @executable_path/Frameworks @loader_path/Frameworks";
				PRODUCT_BUNDLE_IDENTIFIER = "com.hoangdv.IosFinalTest-1UITests";
				PRODUCT_NAME = "$(TARGET_NAME)";
				SWIFT_VERSION = 3.0;
				TEST_TARGET_NAME = IosFinalTest_1;
			};
			name = Debug;
		};
		3B76ABF11F0CE2AE00199264 /* Release */ = {
			isa = XCBuildConfiguration;
			buildSettings = {
				ALWAYS_EMBED_SWIFT_STANDARD_LIBRARIES = YES;
				INFOPLIST_FILE = IosFinalTest_1UITests/Info.plist;
				LD_RUNPATH_SEARCH_PATHS = "$(inherited) @executable_path/Frameworks @loader_path/Frameworks";
				PRODUCT_BUNDLE_IDENTIFIER = "com.hoangdv.IosFinalTest-1UITests";
				PRODUCT_NAME = "$(TARGET_NAME)";
				SWIFT_VERSION = 3.0;
				TEST_TARGET_NAME = IosFinalTest_1;
			};
			name = Release;
		};
/* End XCBuildConfiguration section */

/* Begin XCConfigurationList section */
		3B76ABBC1F0CE2AD00199264 /* Build configuration list for PBXProject "IosFinalTest_1" */ = {
			isa = XCConfigurationList;
			buildConfigurations = (
				3B76ABE71F0CE2AE00199264 /* Debug */,
				3B76ABE81F0CE2AE00199264 /* Release */,
			);
			defaultConfigurationIsVisible = 0;
			defaultConfigurationName = Release;
		};
		3B76ABE91F0CE2AE00199264 /* Build configuration list for PBXNativeTarget "IosFinalTest_1" */ = {
			isa = XCConfigurationList;
			buildConfigurations = (
				3B76ABEA1F0CE2AE00199264 /* Debug */,
				3B76ABEB1F0CE2AE00199264 /* Release */,
			);
			defaultConfigurationIsVisible = 0;
		};
		3B76ABEC1F0CE2AE00199264 /* Build configuration list for PBXNativeTarget "IosFinalTest_1Tests" */ = {
			isa = XCConfigurationList;
			buildConfigurations = (
				3B76ABED1F0CE2AE00199264 /* Debug */,
				3B76ABEE1F0CE2AE00199264 /* Release */,
			);
			defaultConfigurationIsVisible = 0;
		};
		3B76ABEF1F0CE2AE00199264 /* Build configuration list for PBXNativeTarget "IosFinalTest_1UITests" */ = {
			isa = XCConfigurationList;
			buildConfigurations = (
				3B76ABF01F0CE2AE00199264 /* Debug */,
				3B76ABF11F0CE2AE00199264 /* Release */,
			);
			defaultConfigurationIsVisible = 0;
		};
/* End XCConfigurationList section */
	};
	rootObject = 3B76ABB91F0CE2AD00199264 /* Project object */;
}
